
Microsoft Visual Studio Solution File, Format Version 12.00
# Visual Studio Version 17
VisualStudioVersion = 17.9.34407.89
MinimumVisualStudioVersion = 10.0.40219.1
Project("{9A19103F-16F7-4668-BE54-9A1E7A4F7556}") = "InvoiceAutoScan.Gateway", "InvoiceAutoScan.Web\InvoiceAutoScan.Gateway.csproj", "{5CF9E2D6-5B25-464D-9648-830ACCCF15D5}"
EndProject
Project("{9A19103F-16F7-4668-BE54-9A1E7A4F7556}") = "InvoiceAutoScan.Core.Contracts", "InvoiceAutoScan.Core.Contracts\InvoiceAutoScan.Core.Contracts.csproj", "{E5AC32D4-1AFD-44C4-80CD-4E05AFA30451}"
EndProject
Project("{2150E333-8FDC-42A3-9474-1A3956D46DE8}") = "Core", "Core", "{FE0950E7-11F0-413F-9B1D-363278D3FB52}"
EndProject
Project("{2150E333-8FDC-42A3-9474-1A3956D46DE8}") = "Gateway", "Gateway", "{52CEA9B3-7897-4B94-90AE-BBC3CC03970F}"
EndProject
Project("{2150E333-8FDC-42A3-9474-1A3956D46DE8}") = "Common", "Common", "{E6C69D20-49CD-481C-9985-A15336C5FB71}"
EndProject
Project("{9A19103F-16F7-4668-BE54-9A1E7A4F7556}") = "InvoiceAutoScan.Common", "InvoiceAutoScan.Common\InvoiceAutoScan.Common.csproj", "{F2B7DD75-28D0-4F2B-856A-F5631409F5A6}"
EndProject
Project("{2150E333-8FDC-42A3-9474-1A3956D46DE8}") = "Source", "Source", "{3D18165E-060E-47E4-9F45-9C8EB718DD69}"
EndProject
Project("{9A19103F-16F7-4668-BE54-9A1E7A4F7556}") = "InvoiceAutoScan.Core", "InvoiceAutoScan.Core\InvoiceAutoScan.Core.csproj", "{3F06BF6F-287B-46E0-8E45-F3DCC184651C}"
EndProject
Project("{2150E333-8FDC-42A3-9474-1A3956D46DE8}") = "Core", "Core", "{6C81D8B6-8B7E-4077-8766-8BCF00F9D854}"
EndProject
Project("{2150E333-8FDC-42A3-9474-1A3956D46DE8}") = "Gmail", "Gmail", "{DD6DB98A-85D6-401B-A23D-2A816C0E1253}"
EndProject
Project("{9A19103F-16F7-4668-BE54-9A1E7A4F7556}") = "InvoiceAutoScan.Source.Gmail", "InvoiceAutoScan.Source.Gmail\InvoiceAutoScan.Source.Gmail.csproj", "{5E1F8645-DA20-47CD-86DB-E17E2138EEE4}"
EndProject
Project("{9A19103F-16F7-4668-BE54-9A1E7A4F7556}") = "InvoiceAutoScan.Source.Gmail.Contracts", "InvoiceAutoScan.Source.Gmail.Contracts\InvoiceAutoScan.Source.Gmail.Contracts.csproj", "{4DEC9BDD-BA41-4E25-B92D-01534462D154}"
EndProject
Project("{9A19103F-16F7-4668-BE54-9A1E7A4F7556}") = "InvoiceAutoScan.Source.Gmail.Tests", "InvoiceAutoScan.Source.Gmail.Tests\InvoiceAutoScan.Source.Gmail.Tests.csproj", "{18CE02A4-677D-4648-818D-F48BB3D3060F}"
EndProject
Project("{9A19103F-16F7-4668-BE54-9A1E7A4F7556}") = "InvoiceAutoScan.Core.Data", "InvoiceAutoScan.Core.Data\InvoiceAutoScan.Core.Data.csproj", "{04265574-3987-4407-A8C6-EF6044F17F08}"
EndProject
Project("{9A19103F-16F7-4668-BE54-9A1E7A4F7556}") = "InvoiceAutoScan.Core.Infrastructure", "InvoiceAutoScan.Core.Infrastructure\InvoiceAutoScan.Core.Infrastructure.csproj", "{B83BAD89-403D-4938-A22F-302CA68E1E32}"
EndProject
Project("{9A19103F-16F7-4668-BE54-9A1E7A4F7556}") = "InvoiceAutoScan.Common.Data", "InvoiceAutoScan.Common.Data\InvoiceAutoScan.Common.Data.csproj", "{386C51AC-4F42-4714-AA18-8A0C16CC7A52}"
EndProject
Project("{9A19103F-16F7-4668-BE54-9A1E7A4F7556}") = "InvoiceAutoScan.Source.Core.Data", "InvoiceAutoScan.Source.Data\InvoiceAutoScan.Source.Core.Data.csproj", "{F07D82FA-331A-4215-BC9B-768862071967}"
EndProject
Project("{9A19103F-16F7-4668-BE54-9A1E7A4F7556}") = "InvoiceAutoScan.Source.Core.Infrastructure", "InvoiceAutoScan.Source.Infrastructure\InvoiceAutoScan.Source.Core.Infrastructure.csproj", "{F4AD832D-3157-4EE0-9E60-46B9441FDECB}"
EndProject
Project("{9A19103F-16F7-4668-BE54-9A1E7A4F7556}") = "InvoiceAutoScan.Source.Gmail.Data", "InvoiceAutoScan.Source.Gmail.Data\InvoiceAutoScan.Source.Gmail.Data.csproj", "{01EEE2FA-2D48-4C9C-8867-9D578DFD5173}"
EndProject
Project("{9A19103F-16F7-4668-BE54-9A1E7A4F7556}") = "InvoiceAutoScan.Source.Gmail.Infrastructure", "InvoiceAutoScan.Source.Gmail.Infrastructure\InvoiceAutoScan.Source.Gmail.Infrastructure.csproj", "{66606BD4-51F3-4E8A-8E7E-8089DA895E5D}"
EndProject
Project("{2150E333-8FDC-42A3-9474-1A3956D46DE8}") = "Common", "Common", "{388092A6-1991-4494-8345-48A9D93BF3D4}"
EndProject
Project("{2150E333-8FDC-42A3-9474-1A3956D46DE8}") = "Tooling", "Tooling", "{6B43E2AD-A35A-407B-BF54-3D40A610151D}"
EndProject
Project("{9A19103F-16F7-4668-BE54-9A1E7A4F7556}") = "InvoiceAutoScan.DataMigrationService", "InvoiceAutoScan.DataMigrationService\InvoiceAutoScan.DataMigrationService.csproj", "{A732B1F3-3D07-46C6-B821-7434B8846A7A}"
EndProject
Project("{9A19103F-16F7-4668-BE54-9A1E7A4F7556}") = "InvoiceAutoScan.Source.Core.Contracts", "InvoiceAutoScan.Source.Core.Contracts\InvoiceAutoScan.Source.Core.Contracts.csproj", "{75CE0E04-99C8-409A-A387-5B0C5A6F25D4}"
EndProject
Project("{9A19103F-16F7-4668-BE54-9A1E7A4F7556}") = "InvoiceAutoScan.Source.Core", "InvoiceAutoScan.Source.Core\InvoiceAutoScan.Source.Core.csproj", "{7B667B2F-0E23-4477-8808-3F114D936DA5}"
EndProject
Project("{9A19103F-16F7-4668-BE54-9A1E7A4F7556}") = "InvoiceAutoScan.Source.Common", "InvoiceAutoScan.Source.Common\InvoiceAutoScan.Source.Common.csproj", "{AE61C7C3-AE97-413F-A24C-CA63E4CC1E27}"
EndProject
Project("{9A19103F-16F7-4668-BE54-9A1E7A4F7556}") = "InvoiceAutoScan.Gmail.Common", "InvoiceAutoScan.Gmail.Common\InvoiceAutoScan.Gmail.Common.csproj", "{212E4389-AAAA-4695-98A7-A795F9D96E73}"
EndProject
Project("{2150E333-8FDC-42A3-9474-1A3956D46DE8}") = "Target", "Target", "{ED2E844E-636C-4ED6-B592-818AA1A769C5}"
EndProject
Project("{9A19103F-16F7-4668-BE54-9A1E7A4F7556}") = "InvoiceAutoScan.DetectionEngine.Core", "InvoiceAutoScan.DetectionEngine.Core\InvoiceAutoScan.DetectionEngine.Core.csproj", "{6A2F3333-20D9-4A40-B470-B515C7DBE9E0}"
EndProject
Project("{9A19103F-16F7-4668-BE54-9A1E7A4F7556}") = "InvoiceAutoScan.DetectionEngine.Contracts", "InvoiceAutoScan.DetectionEngine.Contracts\InvoiceAutoScan.DetectionEngine.Contracts.csproj", "{ABB748E5-9859-4CB0-BC73-85E112F80AFC}"
EndProject
Project("{2150E333-8FDC-42A3-9474-1A3956D46DE8}") = "DetectionEngine", "DetectionEngine", "{08DC0F98-CBF6-4792-9BAB-275091521742}"
EndProject
Project("{9A19103F-16F7-4668-BE54-9A1E7A4F7556}") = "InvoiceAutoScan.DetectionEngine.Infrastructure", "InvoiceAutoScan.DetectionEngine.Infrastructure\InvoiceAutoScan.DetectionEngine.Infrastructure.csproj", "{6BDA23EC-D5B8-4B50-93C7-BBF9E973CBF3}"
EndProject
Project("{2150E333-8FDC-42A3-9474-1A3956D46DE8}") = "Core", "Core", "{A5123B44-67C7-49C1-85EE-638D1941541D}"
EndProject
Project("{9A19103F-16F7-4668-BE54-9A1E7A4F7556}") = "InvoiceAutoScan.Target.Core", "InvoiceAutoScan.Target.Core\InvoiceAutoScan.Target.Core.csproj", "{C08723BE-55EA-4869-B083-49ACB001D601}"
EndProject
Project("{2150E333-8FDC-42A3-9474-1A3956D46DE8}") = "Dext", "Dext", "{7297FA0E-FCCD-4576-B4D9-98CFA4914E8B}"
EndProject
Project("{9A19103F-16F7-4668-BE54-9A1E7A4F7556}") = "InvoiceAutoScan.Target.Core.Data", "InvoiceAutoScan.Target.Core.Data\InvoiceAutoScan.Target.Core.Data.csproj", "{0FC377E6-8B14-4086-8C7B-17EACAB8CEC8}"
EndProject
Project("{9A19103F-16F7-4668-BE54-9A1E7A4F7556}") = "InvoiceAutoScan.Target.Core.Contracts", "InvoiceAutoScan.Target.Core.Contracts\InvoiceAutoScan.Target.Core.Contracts.csproj", "{D58E8BEA-CFCB-4CDF-860E-F60F9F50DB72}"
EndProject
Project("{9A19103F-16F7-4668-BE54-9A1E7A4F7556}") = "InvoiceAutoScan.Target.Infrastructure", "InvoiceAutoScan.Target.Infrastructure\InvoiceAutoScan.Target.Infrastructure.csproj", "{56DEB648-5023-45BB-AF4E-ABC6BE9878BE}"
EndProject
Project("{2150E333-8FDC-42A3-9474-1A3956D46DE8}") = "Common", "Common", "{A350D891-001E-46D9-ACA2-7E788DF93D04}"
EndProject
Project("{9A19103F-16F7-4668-BE54-9A1E7A4F7556}") = "InvoiceAutoScan.Target.Common", "InvoiceAutoScan.Target.Common\InvoiceAutoScan.Target.Common.csproj", "{E733E14A-EA65-4906-9E42-DF4D8B172CAF}"
EndProject
Project("{9A19103F-16F7-4668-BE54-9A1E7A4F7556}") = "InvoiceAutoScan.Target.Dext.Contracts", "InvoiceAutoScan.Target.Dext.Contracts\InvoiceAutoScan.Target.Dext.Contracts.csproj", "{498628BB-5819-4DA4-AD9E-4EEA61A945ED}"
EndProject
Project("{2150E333-8FDC-42A3-9474-1A3956D46DE8}") = "FrontEnd", "FrontEnd", "{05E54F51-8E30-4B35-95E5-E511A54FA84A}"
EndProject
Project("{9A19103F-16F7-4668-BE54-9A1E7A4F7556}") = "InvoiceAutoScan.FrontEnd.Client", "InvoiceAutoScan.FrontEnd.Client\InvoiceAutoScan.FrontEnd.Client.csproj", "{B9FE3C0B-6568-4954-BCEA-CF26DF5B2650}"
EndProject
Project("{9A19103F-16F7-4668-BE54-9A1E7A4F7556}") = "InvoiceAutoScan.FrontEnd.ApiClient", "InvoiceAutoScan.FrontEnd.ApiClient\InvoiceAutoScan.FrontEnd.ApiClient.csproj", "{B08509EE-C1B6-43BC-B564-86778B35A67E}"
EndProject
Project("{9A19103F-16F7-4668-BE54-9A1E7A4F7556}") = "InvoiceAutoScan.FrontEnd.Abstractions", "InvoiceAutoScan.FrontEnd.Abstractions\InvoiceAutoScan.FrontEnd.Abstractions.csproj", "{B5D955DB-7AAD-4DED-9D6E-2B15613577A6}"
EndProject
Project("{9A19103F-16F7-4668-BE54-9A1E7A4F7556}") = "InvoiceAutoScan.FrontEnd.Faker", "InvoiceAutoScan.FrontEnd.Faker\InvoiceAutoScan.FrontEnd.Faker.csproj", "{54A28A72-149A-4A81-81F2-9B02BC13CE2F}"
EndProject
Project("{9A19103F-16F7-4668-BE54-9A1E7A4F7556}") = "InvoiceAutoScan.Gateway.Management", "InvoiceAutoScan.Gateway.Management\InvoiceAutoScan.Gateway.Management.csproj", "{DD8408C2-803F-4D5D-AE77-F93D667778CF}"
EndProject
Project("{9A19103F-16F7-4668-BE54-9A1E7A4F7556}") = "InvoiceAutoScan.FrontEnd.Infrastructure", "InvoiceAutoScan.FrontEnd.Infrastructure\InvoiceAutoScan.FrontEnd.Infrastructure.csproj", "{21592383-5322-47E1-9FEF-00D61D732842}"
EndProject
Global
	GlobalSection(SolutionConfigurationPlatforms) = preSolution
		Debug|Any CPU = Debug|Any CPU
		Release|Any CPU = Release|Any CPU
	EndGlobalSection
	GlobalSection(ProjectConfigurationPlatforms) = postSolution
		{5CF9E2D6-5B25-464D-9648-830ACCCF15D5}.Debug|Any CPU.ActiveCfg = Debug|Any CPU
		{5CF9E2D6-5B25-464D-9648-830ACCCF15D5}.Debug|Any CPU.Build.0 = Debug|Any CPU
		{5CF9E2D6-5B25-464D-9648-830ACCCF15D5}.Release|Any CPU.ActiveCfg = Release|Any CPU
		{5CF9E2D6-5B25-464D-9648-830ACCCF15D5}.Release|Any CPU.Build.0 = Release|Any CPU
		{E5AC32D4-1AFD-44C4-80CD-4E05AFA30451}.Debug|Any CPU.ActiveCfg = Debug|Any CPU
		{E5AC32D4-1AFD-44C4-80CD-4E05AFA30451}.Debug|Any CPU.Build.0 = Debug|Any CPU
		{E5AC32D4-1AFD-44C4-80CD-4E05AFA30451}.Release|Any CPU.ActiveCfg = Release|Any CPU
		{E5AC32D4-1AFD-44C4-80CD-4E05AFA30451}.Release|Any CPU.Build.0 = Release|Any CPU
		{F2B7DD75-28D0-4F2B-856A-F5631409F5A6}.Debug|Any CPU.ActiveCfg = Debug|Any CPU
		{F2B7DD75-28D0-4F2B-856A-F5631409F5A6}.Debug|Any CPU.Build.0 = Debug|Any CPU
		{F2B7DD75-28D0-4F2B-856A-F5631409F5A6}.Release|Any CPU.ActiveCfg = Release|Any CPU
		{F2B7DD75-28D0-4F2B-856A-F5631409F5A6}.Release|Any CPU.Build.0 = Release|Any CPU
		{3F06BF6F-287B-46E0-8E45-F3DCC184651C}.Debug|Any CPU.ActiveCfg = Debug|Any CPU
		{3F06BF6F-287B-46E0-8E45-F3DCC184651C}.Debug|Any CPU.Build.0 = Debug|Any CPU
		{3F06BF6F-287B-46E0-8E45-F3DCC184651C}.Release|Any CPU.ActiveCfg = Release|Any CPU
		{3F06BF6F-287B-46E0-8E45-F3DCC184651C}.Release|Any CPU.Build.0 = Release|Any CPU
		{5E1F8645-DA20-47CD-86DB-E17E2138EEE4}.Debug|Any CPU.ActiveCfg = Debug|Any CPU
		{5E1F8645-DA20-47CD-86DB-E17E2138EEE4}.Debug|Any CPU.Build.0 = Debug|Any CPU
		{5E1F8645-DA20-47CD-86DB-E17E2138EEE4}.Release|Any CPU.ActiveCfg = Release|Any CPU
		{5E1F8645-DA20-47CD-86DB-E17E2138EEE4}.Release|Any CPU.Build.0 = Release|Any CPU
		{4DEC9BDD-BA41-4E25-B92D-01534462D154}.Debug|Any CPU.ActiveCfg = Debug|Any CPU
		{4DEC9BDD-BA41-4E25-B92D-01534462D154}.Debug|Any CPU.Build.0 = Debug|Any CPU
		{4DEC9BDD-BA41-4E25-B92D-01534462D154}.Release|Any CPU.ActiveCfg = Release|Any CPU
		{4DEC9BDD-BA41-4E25-B92D-01534462D154}.Release|Any CPU.Build.0 = Release|Any CPU
		{18CE02A4-677D-4648-818D-F48BB3D3060F}.Debug|Any CPU.ActiveCfg = Debug|Any CPU
		{18CE02A4-677D-4648-818D-F48BB3D3060F}.Debug|Any CPU.Build.0 = Debug|Any CPU
		{18CE02A4-677D-4648-818D-F48BB3D3060F}.Release|Any CPU.ActiveCfg = Release|Any CPU
		{18CE02A4-677D-4648-818D-F48BB3D3060F}.Release|Any CPU.Build.0 = Release|Any CPU
		{04265574-3987-4407-A8C6-EF6044F17F08}.Debug|Any CPU.ActiveCfg = Debug|Any CPU
		{04265574-3987-4407-A8C6-EF6044F17F08}.Debug|Any CPU.Build.0 = Debug|Any CPU
		{04265574-3987-4407-A8C6-EF6044F17F08}.Release|Any CPU.ActiveCfg = Release|Any CPU
		{04265574-3987-4407-A8C6-EF6044F17F08}.Release|Any CPU.Build.0 = Release|Any CPU
		{B83BAD89-403D-4938-A22F-302CA68E1E32}.Debug|Any CPU.ActiveCfg = Debug|Any CPU
		{B83BAD89-403D-4938-A22F-302CA68E1E32}.Debug|Any CPU.Build.0 = Debug|Any CPU
		{B83BAD89-403D-4938-A22F-302CA68E1E32}.Release|Any CPU.ActiveCfg = Release|Any CPU
		{B83BAD89-403D-4938-A22F-302CA68E1E32}.Release|Any CPU.Build.0 = Release|Any CPU
		{386C51AC-4F42-4714-AA18-8A0C16CC7A52}.Debug|Any CPU.ActiveCfg = Debug|Any CPU
		{386C51AC-4F42-4714-AA18-8A0C16CC7A52}.Debug|Any CPU.Build.0 = Debug|Any CPU
		{386C51AC-4F42-4714-AA18-8A0C16CC7A52}.Release|Any CPU.ActiveCfg = Release|Any CPU
		{386C51AC-4F42-4714-AA18-8A0C16CC7A52}.Release|Any CPU.Build.0 = Release|Any CPU
		{F07D82FA-331A-4215-BC9B-768862071967}.Debug|Any CPU.ActiveCfg = Debug|Any CPU
		{F07D82FA-331A-4215-BC9B-768862071967}.Debug|Any CPU.Build.0 = Debug|Any CPU
		{F07D82FA-331A-4215-BC9B-768862071967}.Release|Any CPU.ActiveCfg = Release|Any CPU
		{F07D82FA-331A-4215-BC9B-768862071967}.Release|Any CPU.Build.0 = Release|Any CPU
		{F4AD832D-3157-4EE0-9E60-46B9441FDECB}.Debug|Any CPU.ActiveCfg = Debug|Any CPU
		{F4AD832D-3157-4EE0-9E60-46B9441FDECB}.Debug|Any CPU.Build.0 = Debug|Any CPU
		{F4AD832D-3157-4EE0-9E60-46B9441FDECB}.Release|Any CPU.ActiveCfg = Release|Any CPU
		{F4AD832D-3157-4EE0-9E60-46B9441FDECB}.Release|Any CPU.Build.0 = Release|Any CPU
		{01EEE2FA-2D48-4C9C-8867-9D578DFD5173}.Debug|Any CPU.ActiveCfg = Debug|Any CPU
		{01EEE2FA-2D48-4C9C-8867-9D578DFD5173}.Debug|Any CPU.Build.0 = Debug|Any CPU
		{01EEE2FA-2D48-4C9C-8867-9D578DFD5173}.Release|Any CPU.ActiveCfg = Release|Any CPU
		{01EEE2FA-2D48-4C9C-8867-9D578DFD5173}.Release|Any CPU.Build.0 = Release|Any CPU
		{66606BD4-51F3-4E8A-8E7E-8089DA895E5D}.Debug|Any CPU.ActiveCfg = Debug|Any CPU
		{66606BD4-51F3-4E8A-8E7E-8089DA895E5D}.Debug|Any CPU.Build.0 = Debug|Any CPU
		{66606BD4-51F3-4E8A-8E7E-8089DA895E5D}.Release|Any CPU.ActiveCfg = Release|Any CPU
		{66606BD4-51F3-4E8A-8E7E-8089DA895E5D}.Release|Any CPU.Build.0 = Release|Any CPU
		{A732B1F3-3D07-46C6-B821-7434B8846A7A}.Debug|Any CPU.ActiveCfg = Debug|Any CPU
		{A732B1F3-3D07-46C6-B821-7434B8846A7A}.Debug|Any CPU.Build.0 = Debug|Any CPU
		{A732B1F3-3D07-46C6-B821-7434B8846A7A}.Release|Any CPU.ActiveCfg = Release|Any CPU
		{A732B1F3-3D07-46C6-B821-7434B8846A7A}.Release|Any CPU.Build.0 = Release|Any CPU
		{75CE0E04-99C8-409A-A387-5B0C5A6F25D4}.Debug|Any CPU.ActiveCfg = Debug|Any CPU
		{75CE0E04-99C8-409A-A387-5B0C5A6F25D4}.Debug|Any CPU.Build.0 = Debug|Any CPU
		{75CE0E04-99C8-409A-A387-5B0C5A6F25D4}.Release|Any CPU.ActiveCfg = Release|Any CPU
		{75CE0E04-99C8-409A-A387-5B0C5A6F25D4}.Release|Any CPU.Build.0 = Release|Any CPU
		{7B667B2F-0E23-4477-8808-3F114D936DA5}.Debug|Any CPU.ActiveCfg = Debug|Any CPU
		{7B667B2F-0E23-4477-8808-3F114D936DA5}.Debug|Any CPU.Build.0 = Debug|Any CPU
		{7B667B2F-0E23-4477-8808-3F114D936DA5}.Release|Any CPU.ActiveCfg = Release|Any CPU
		{7B667B2F-0E23-4477-8808-3F114D936DA5}.Release|Any CPU.Build.0 = Release|Any CPU
		{AE61C7C3-AE97-413F-A24C-CA63E4CC1E27}.Debug|Any CPU.ActiveCfg = Debug|Any CPU
		{AE61C7C3-AE97-413F-A24C-CA63E4CC1E27}.Debug|Any CPU.Build.0 = Debug|Any CPU
		{AE61C7C3-AE97-413F-A24C-CA63E4CC1E27}.Release|Any CPU.ActiveCfg = Release|Any CPU
		{AE61C7C3-AE97-413F-A24C-CA63E4CC1E27}.Release|Any CPU.Build.0 = Release|Any CPU
		{212E4389-AAAA-4695-98A7-A795F9D96E73}.Debug|Any CPU.ActiveCfg = Debug|Any CPU
		{212E4389-AAAA-4695-98A7-A795F9D96E73}.Debug|Any CPU.Build.0 = Debug|Any CPU
		{212E4389-AAAA-4695-98A7-A795F9D96E73}.Release|Any CPU.ActiveCfg = Release|Any CPU
		{212E4389-AAAA-4695-98A7-A795F9D96E73}.Release|Any CPU.Build.0 = Release|Any CPU
		{6A2F3333-20D9-4A40-B470-B515C7DBE9E0}.Debug|Any CPU.ActiveCfg = Debug|Any CPU
		{6A2F3333-20D9-4A40-B470-B515C7DBE9E0}.Debug|Any CPU.Build.0 = Debug|Any CPU
		{6A2F3333-20D9-4A40-B470-B515C7DBE9E0}.Release|Any CPU.ActiveCfg = Release|Any CPU
		{6A2F3333-20D9-4A40-B470-B515C7DBE9E0}.Release|Any CPU.Build.0 = Release|Any CPU
		{ABB748E5-9859-4CB0-BC73-85E112F80AFC}.Debug|Any CPU.ActiveCfg = Debug|Any CPU
		{ABB748E5-9859-4CB0-BC73-85E112F80AFC}.Debug|Any CPU.Build.0 = Debug|Any CPU
		{ABB748E5-9859-4CB0-BC73-85E112F80AFC}.Release|Any CPU.ActiveCfg = Release|Any CPU
		{ABB748E5-9859-4CB0-BC73-85E112F80AFC}.Release|Any CPU.Build.0 = Release|Any CPU
		{6BDA23EC-D5B8-4B50-93C7-BBF9E973CBF3}.Debug|Any CPU.ActiveCfg = Debug|Any CPU
		{6BDA23EC-D5B8-4B50-93C7-BBF9E973CBF3}.Debug|Any CPU.Build.0 = Debug|Any CPU
		{6BDA23EC-D5B8-4B50-93C7-BBF9E973CBF3}.Release|Any CPU.ActiveCfg = Release|Any CPU
		{6BDA23EC-D5B8-4B50-93C7-BBF9E973CBF3}.Release|Any CPU.Build.0 = Release|Any CPU
		{C08723BE-55EA-4869-B083-49ACB001D601}.Debug|Any CPU.ActiveCfg = Debug|Any CPU
		{C08723BE-55EA-4869-B083-49ACB001D601}.Debug|Any CPU.Build.0 = Debug|Any CPU
		{C08723BE-55EA-4869-B083-49ACB001D601}.Release|Any CPU.ActiveCfg = Release|Any CPU
		{C08723BE-55EA-4869-B083-49ACB001D601}.Release|Any CPU.Build.0 = Release|Any CPU
		{0FC377E6-8B14-4086-8C7B-17EACAB8CEC8}.Debug|Any CPU.ActiveCfg = Debug|Any CPU
		{0FC377E6-8B14-4086-8C7B-17EACAB8CEC8}.Debug|Any CPU.Build.0 = Debug|Any CPU
		{0FC377E6-8B14-4086-8C7B-17EACAB8CEC8}.Release|Any CPU.ActiveCfg = Release|Any CPU
		{0FC377E6-8B14-4086-8C7B-17EACAB8CEC8}.Release|Any CPU.Build.0 = Release|Any CPU
		{D58E8BEA-CFCB-4CDF-860E-F60F9F50DB72}.Debug|Any CPU.ActiveCfg = Debug|Any CPU
		{D58E8BEA-CFCB-4CDF-860E-F60F9F50DB72}.Debug|Any CPU.Build.0 = Debug|Any CPU
		{D58E8BEA-CFCB-4CDF-860E-F60F9F50DB72}.Release|Any CPU.ActiveCfg = Release|Any CPU
		{D58E8BEA-CFCB-4CDF-860E-F60F9F50DB72}.Release|Any CPU.Build.0 = Release|Any CPU
		{56DEB648-5023-45BB-AF4E-ABC6BE9878BE}.Debug|Any CPU.ActiveCfg = Debug|Any CPU
		{56DEB648-5023-45BB-AF4E-ABC6BE9878BE}.Debug|Any CPU.Build.0 = Debug|Any CPU
		{56DEB648-5023-45BB-AF4E-ABC6BE9878BE}.Release|Any CPU.ActiveCfg = Release|Any CPU
		{56DEB648-5023-45BB-AF4E-ABC6BE9878BE}.Release|Any CPU.Build.0 = Release|Any CPU
		{E733E14A-EA65-4906-9E42-DF4D8B172CAF}.Debug|Any CPU.ActiveCfg = Debug|Any CPU
		{E733E14A-EA65-4906-9E42-DF4D8B172CAF}.Debug|Any CPU.Build.0 = Debug|Any CPU
		{E733E14A-EA65-4906-9E42-DF4D8B172CAF}.Release|Any CPU.ActiveCfg = Release|Any CPU
		{E733E14A-EA65-4906-9E42-DF4D8B172CAF}.Release|Any CPU.Build.0 = Release|Any CPU
		{498628BB-5819-4DA4-AD9E-4EEA61A945ED}.Debug|Any CPU.ActiveCfg = Debug|Any CPU
		{498628BB-5819-4DA4-AD9E-4EEA61A945ED}.Debug|Any CPU.Build.0 = Debug|Any CPU
		{498628BB-5819-4DA4-AD9E-4EEA61A945ED}.Release|Any CPU.ActiveCfg = Release|Any CPU
		{498628BB-5819-4DA4-AD9E-4EEA61A945ED}.Release|Any CPU.Build.0 = Release|Any CPU
		{B9FE3C0B-6568-4954-BCEA-CF26DF5B2650}.Debug|Any CPU.ActiveCfg = Debug|Any CPU
		{B9FE3C0B-6568-4954-BCEA-CF26DF5B2650}.Debug|Any CPU.Build.0 = Debug|Any CPU
		{B9FE3C0B-6568-4954-BCEA-CF26DF5B2650}.Release|Any CPU.ActiveCfg = Release|Any CPU
		{B9FE3C0B-6568-4954-BCEA-CF26DF5B2650}.Release|Any CPU.Build.0 = Release|Any CPU
		{B08509EE-C1B6-43BC-B564-86778B35A67E}.Debug|Any CPU.ActiveCfg = Debug|Any CPU
		{B08509EE-C1B6-43BC-B564-86778B35A67E}.Debug|Any CPU.Build.0 = Debug|Any CPU
		{B08509EE-C1B6-43BC-B564-86778B35A67E}.Release|Any CPU.ActiveCfg = Release|Any CPU
		{B08509EE-C1B6-43BC-B564-86778B35A67E}.Release|Any CPU.Build.0 = Release|Any CPU
		{B5D955DB-7AAD-4DED-9D6E-2B15613577A6}.Debug|Any CPU.ActiveCfg = Debug|Any CPU
		{B5D955DB-7AAD-4DED-9D6E-2B15613577A6}.Debug|Any CPU.Build.0 = Debug|Any CPU
		{B5D955DB-7AAD-4DED-9D6E-2B15613577A6}.Release|Any CPU.ActiveCfg = Release|Any CPU
		{B5D955DB-7AAD-4DED-9D6E-2B15613577A6}.Release|Any CPU.Build.0 = Release|Any CPU
		{54A28A72-149A-4A81-81F2-9B02BC13CE2F}.Debug|Any CPU.ActiveCfg = Debug|Any CPU
		{54A28A72-149A-4A81-81F2-9B02BC13CE2F}.Debug|Any CPU.Build.0 = Debug|Any CPU
		{54A28A72-149A-4A81-81F2-9B02BC13CE2F}.Release|Any CPU.ActiveCfg = Release|Any CPU
		{54A28A72-149A-4A81-81F2-9B02BC13CE2F}.Release|Any CPU.Build.0 = Release|Any CPU
		{DD8408C2-803F-4D5D-AE77-F93D667778CF}.Debug|Any CPU.ActiveCfg = Debug|Any CPU
		{DD8408C2-803F-4D5D-AE77-F93D667778CF}.Debug|Any CPU.Build.0 = Debug|Any CPU
		{DD8408C2-803F-4D5D-AE77-F93D667778CF}.Release|Any CPU.ActiveCfg = Release|Any CPU
		{DD8408C2-803F-4D5D-AE77-F93D667778CF}.Release|Any CPU.Build.0 = Release|Any CPU
		{21592383-5322-47E1-9FEF-00D61D732842}.Debug|Any CPU.ActiveCfg = Debug|Any CPU
		{21592383-5322-47E1-9FEF-00D61D732842}.Debug|Any CPU.Build.0 = Debug|Any CPU
		{21592383-5322-47E1-9FEF-00D61D732842}.Release|Any CPU.ActiveCfg = Release|Any CPU
		{21592383-5322-47E1-9FEF-00D61D732842}.Release|Any CPU.Build.0 = Release|Any CPU
	EndGlobalSection
	GlobalSection(SolutionProperties) = preSolution
		HideSolutionNode = FALSE
	EndGlobalSection
	GlobalSection(NestedProjects) = preSolution
		{5CF9E2D6-5B25-464D-9648-830ACCCF15D5} = {52CEA9B3-7897-4B94-90AE-BBC3CC03970F}
		{E5AC32D4-1AFD-44C4-80CD-4E05AFA30451} = {FE0950E7-11F0-413F-9B1D-363278D3FB52}
		{F2B7DD75-28D0-4F2B-856A-F5631409F5A6} = {E6C69D20-49CD-481C-9985-A15336C5FB71}
		{3F06BF6F-287B-46E0-8E45-F3DCC184651C} = {FE0950E7-11F0-413F-9B1D-363278D3FB52}
		{6C81D8B6-8B7E-4077-8766-8BCF00F9D854} = {3D18165E-060E-47E4-9F45-9C8EB718DD69}
		{DD6DB98A-85D6-401B-A23D-2A816C0E1253} = {3D18165E-060E-47E4-9F45-9C8EB718DD69}
		{5E1F8645-DA20-47CD-86DB-E17E2138EEE4} = {DD6DB98A-85D6-401B-A23D-2A816C0E1253}
		{4DEC9BDD-BA41-4E25-B92D-01534462D154} = {DD6DB98A-85D6-401B-A23D-2A816C0E1253}
		{18CE02A4-677D-4648-818D-F48BB3D3060F} = {DD6DB98A-85D6-401B-A23D-2A816C0E1253}
		{04265574-3987-4407-A8C6-EF6044F17F08} = {FE0950E7-11F0-413F-9B1D-363278D3FB52}
		{B83BAD89-403D-4938-A22F-302CA68E1E32} = {FE0950E7-11F0-413F-9B1D-363278D3FB52}
		{386C51AC-4F42-4714-AA18-8A0C16CC7A52} = {E6C69D20-49CD-481C-9985-A15336C5FB71}
		{F07D82FA-331A-4215-BC9B-768862071967} = {6C81D8B6-8B7E-4077-8766-8BCF00F9D854}
		{F4AD832D-3157-4EE0-9E60-46B9441FDECB} = {6C81D8B6-8B7E-4077-8766-8BCF00F9D854}
		{01EEE2FA-2D48-4C9C-8867-9D578DFD5173} = {DD6DB98A-85D6-401B-A23D-2A816C0E1253}
		{66606BD4-51F3-4E8A-8E7E-8089DA895E5D} = {DD6DB98A-85D6-401B-A23D-2A816C0E1253}
		{388092A6-1991-4494-8345-48A9D93BF3D4} = {3D18165E-060E-47E4-9F45-9C8EB718DD69}
		{A732B1F3-3D07-46C6-B821-7434B8846A7A} = {6B43E2AD-A35A-407B-BF54-3D40A610151D}
		{75CE0E04-99C8-409A-A387-5B0C5A6F25D4} = {6C81D8B6-8B7E-4077-8766-8BCF00F9D854}
		{7B667B2F-0E23-4477-8808-3F114D936DA5} = {6C81D8B6-8B7E-4077-8766-8BCF00F9D854}
		{AE61C7C3-AE97-413F-A24C-CA63E4CC1E27} = {388092A6-1991-4494-8345-48A9D93BF3D4}
		{212E4389-AAAA-4695-98A7-A795F9D96E73} = {DD6DB98A-85D6-401B-A23D-2A816C0E1253}
		{6A2F3333-20D9-4A40-B470-B515C7DBE9E0} = {08DC0F98-CBF6-4792-9BAB-275091521742}
		{ABB748E5-9859-4CB0-BC73-85E112F80AFC} = {08DC0F98-CBF6-4792-9BAB-275091521742}
		{6BDA23EC-D5B8-4B50-93C7-BBF9E973CBF3} = {08DC0F98-CBF6-4792-9BAB-275091521742}
		{A5123B44-67C7-49C1-85EE-638D1941541D} = {ED2E844E-636C-4ED6-B592-818AA1A769C5}
		{C08723BE-55EA-4869-B083-49ACB001D601} = {A5123B44-67C7-49C1-85EE-638D1941541D}
		{7297FA0E-FCCD-4576-B4D9-98CFA4914E8B} = {ED2E844E-636C-4ED6-B592-818AA1A769C5}
		{0FC377E6-8B14-4086-8C7B-17EACAB8CEC8} = {A5123B44-67C7-49C1-85EE-638D1941541D}
		{D58E8BEA-CFCB-4CDF-860E-F60F9F50DB72} = {A5123B44-67C7-49C1-85EE-638D1941541D}
		{56DEB648-5023-45BB-AF4E-ABC6BE9878BE} = {A5123B44-67C7-49C1-85EE-638D1941541D}
		{A350D891-001E-46D9-ACA2-7E788DF93D04} = {ED2E844E-636C-4ED6-B592-818AA1A769C5}
		{E733E14A-EA65-4906-9E42-DF4D8B172CAF} = {A350D891-001E-46D9-ACA2-7E788DF93D04}
		{498628BB-5819-4DA4-AD9E-4EEA61A945ED} = {7297FA0E-FCCD-4576-B4D9-98CFA4914E8B}
		{B9FE3C0B-6568-4954-BCEA-CF26DF5B2650} = {05E54F51-8E30-4B35-95E5-E511A54FA84A}
		{B08509EE-C1B6-43BC-B564-86778B35A67E} = {05E54F51-8E30-4B35-95E5-E511A54FA84A}
		{B5D955DB-7AAD-4DED-9D6E-2B15613577A6} = {05E54F51-8E30-4B35-95E5-E511A54FA84A}
		{54A28A72-149A-4A81-81F2-9B02BC13CE2F} = {05E54F51-8E30-4B35-95E5-E511A54FA84A}
		{DD8408C2-803F-4D5D-AE77-F93D667778CF} = {52CEA9B3-7897-4B94-90AE-BBC3CC03970F}
		{21592383-5322-47E1-9FEF-00D61D732842} = {05E54F51-8E30-4B35-95E5-E511A54FA84A}
	EndGlobalSection
	GlobalSection(ExtensibilityGlobals) = postSolution
		SolutionGuid = {E7D37A68-1346-4974-BF91-347F82B54850}
	EndGlobalSection
EndGlobal
